
Microsoft Visual Studio Solution File, Format Version 12.00
# Visual Studio Version 16
VisualStudioVersion = 16.0.30204.135
MinimumVisualStudioVersion = 15.0.26124.0
Project("{2150E333-8FDC-42A3-9474-1A3956D46DE8}") = "src", "src", "{50C071DA-33B8-4309-87D2-3A8C294703B4}"
EndProject
Project("{9A19103F-16F7-4668-BE54-9A1E7A4F7556}") = "MicroElements.Data", "src\MicroElements.Data\MicroElements.Data.csproj", "{D0D4159C-A5D3-4708-81E1-AB082E037AB6}"
EndProject
Project("{2150E333-8FDC-42A3-9474-1A3956D46DE8}") = "test", "test", "{4BC30A86-A5FF-4FD9-8B27-8BC7FF834D05}"
EndProject
Project("{9A19103F-16F7-4668-BE54-9A1E7A4F7556}") = "MicroElements.Data.Tests", "test\MicroElements.Data.Tests\MicroElements.Data.Tests.csproj", "{EB9FDF3E-8F47-494B-92D7-E52EAE6306D4}"
EndProject
Project("{2150E333-8FDC-42A3-9474-1A3956D46DE8}") = "Solution Items", "Solution Items", "{A3B3F8CC-133C-47FF-9CFF-4B91F645879A}"
	ProjectSection(SolutionItems) = preProject
		CHANGELOG.md = CHANGELOG.md
		common.props = common.props
		src\Directory.Build.props = src\Directory.Build.props
		README.md = README.md
		version.props = version.props
	EndProjectSection
EndProject
Global
	GlobalSection(SolutionConfigurationPlatforms) = preSolution
		Debug|Any CPU = Debug|Any CPU
		Debug|x64 = Debug|x64
		Debug|x86 = Debug|x86
		Release|Any CPU = Release|Any CPU
		Release|x64 = Release|x64
		Release|x86 = Release|x86
	EndGlobalSection
	GlobalSection(ProjectConfigurationPlatforms) = postSolution
		{D0D4159C-A5D3-4708-81E1-AB082E037AB6}.Debug|Any CPU.ActiveCfg = Debug|Any CPU
		{D0D4159C-A5D3-4708-81E1-AB082E037AB6}.Debug|Any CPU.Build.0 = Debug|Any CPU
		{D0D4159C-A5D3-4708-81E1-AB082E037AB6}.Debug|x64.ActiveCfg = Debug|Any CPU
		{D0D4159C-A5D3-4708-81E1-AB082E037AB6}.Debug|x64.Build.0 = Debug|Any CPU
		{D0D4159C-A5D3-4708-81E1-AB082E037AB6}.Debug|x86.ActiveCfg = Debug|Any CPU
		{D0D4159C-A5D3-4708-81E1-AB082E037AB6}.Debug|x86.Build.0 = Debug|Any CPU
		{D0D4159C-A5D3-4708-81E1-AB082E037AB6}.Release|Any CPU.ActiveCfg = Release|Any CPU
		{D0D4159C-A5D3-4708-81E1-AB082E037AB6}.Release|Any CPU.Build.0 = Release|Any CPU
		{D0D4159C-A5D3-4708-81E1-AB082E037AB6}.Release|x64.ActiveCfg = Release|Any CPU
		{D0D4159C-A5D3-4708-81E1-AB082E037AB6}.Release|x64.Build.0 = Release|Any CPU
		{D0D4159C-A5D3-4708-81E1-AB082E037AB6}.Release|x86.ActiveCfg = Release|Any CPU
		{D0D4159C-A5D3-4708-81E1-AB082E037AB6}.Release|x86.Build.0 = Release|Any CPU
		{EB9FDF3E-8F47-494B-92D7-E52EAE6306D4}.Debug|Any CPU.ActiveCfg = Debug|Any CPU
		{EB9FDF3E-8F47-494B-92D7-E52EAE6306D4}.Debug|Any CPU.Build.0 = Debug|Any CPU
		{EB9FDF3E-8F47-494B-92D7-E52EAE6306D4}.Debug|x64.ActiveCfg = Debug|Any CPU
		{EB9FDF3E-8F47-494B-92D7-E52EAE6306D4}.Debug|x64.Build.0 = Debug|Any CPU
		{EB9FDF3E-8F47-494B-92D7-E52EAE6306D4}.Debug|x86.ActiveCfg = Debug|Any CPU
		{EB9FDF3E-8F47-494B-92D7-E52EAE6306D4}.Debug|x86.Build.0 = Debug|Any CPU
		{EB9FDF3E-8F47-494B-92D7-E52EAE6306D4}.Release|Any CPU.ActiveCfg = Release|Any CPU
		{EB9FDF3E-8F47-494B-92D7-E52EAE6306D4}.Release|Any CPU.Build.0 = Release|Any CPU
		{EB9FDF3E-8F47-494B-92D7-E52EAE6306D4}.Release|x64.ActiveCfg = Release|Any CPU
		{EB9FDF3E-8F47-494B-92D7-E52EAE6306D4}.Release|x64.Build.0 = Release|Any CPU
		{EB9FDF3E-8F47-494B-92D7-E52EAE6306D4}.Release|x86.ActiveCfg = Release|Any CPU
		{EB9FDF3E-8F47-494B-92D7-E52EAE6306D4}.Release|x86.Build.0 = Release|Any CPU
	EndGlobalSection
	GlobalSection(SolutionProperties) = preSolution
		HideSolutionNode = FALSE
	EndGlobalSection
	GlobalSection(NestedProjects) = preSolution
		{D0D4159C-A5D3-4708-81E1-AB082E037AB6} = {50C071DA-33B8-4309-87D2-3A8C294703B4}
		{EB9FDF3E-8F47-494B-92D7-E52EAE6306D4} = {4BC30A86-A5FF-4FD9-8B27-8BC7FF834D05}
	EndGlobalSection
	GlobalSection(ExtensibilityGlobals) = postSolution
		SolutionGuid = {528B5667-7389-4FA9-AD9F-6B9E20861E81}
	EndGlobalSection
EndGlobal
